// !$*UTF8*$!
{
	archiveVersion = 1;
	classes = {
	};
	objectVersion = 50;
	objects = {

/* Begin PBXBuildFile section */
		C321638DC94D9D66E5ABB27D /* libPods-zippy.a in Frameworks */ = {isa = PBXBuildFile; fileRef = F4017D9EADA797E57B39CCEF /* libPods-zippy.a */; };
		F978F2E82097821E00816913 /* MainVC.m in Sources */ = {isa = PBXBuildFile; fileRef = F978F2E72097821E00816913 /* MainVC.m */; };
		F978F2EB20978F8600816913 /* MainVM.m in Sources */ = {isa = PBXBuildFile; fileRef = F978F2EA20978F8600816913 /* MainVM.m */; };
		F978F2EE20979A3E00816913 /* HTTPService.m in Sources */ = {isa = PBXBuildFile; fileRef = F978F2ED20979A3E00816913 /* HTTPService.m */; };
		F9BB08F9208940C20003997E /* AppDelegate.m in Sources */ = {isa = PBXBuildFile; fileRef = F9BB08F8208940C20003997E /* AppDelegate.m */; };
		F9BB08FF208940C20003997E /* Main.storyboard in Resources */ = {isa = PBXBuildFile; fileRef = F9BB08FD208940C20003997E /* Main.storyboard */; };
		F9BB0901208940C40003997E /* Assets.xcassets in Resources */ = {isa = PBXBuildFile; fileRef = F9BB0900208940C40003997E /* Assets.xcassets */; };
		F9BB0904208940C40003997E /* LaunchScreen.storyboard in Resources */ = {isa = PBXBuildFile; fileRef = F9BB0902208940C40003997E /* LaunchScreen.storyboard */; };
		F9BB0907208940C40003997E /* main.m in Sources */ = {isa = PBXBuildFile; fileRef = F9BB0906208940C40003997E /* main.m */; };
/* End PBXBuildFile section */

/* Begin PBXFileReference section */
		C248A80F0F450CBEB92523B0 /* Pods-zippy.release.xcconfig */ = {isa = PBXFileReference; includeInIndex = 1; lastKnownFileType = text.xcconfig; name = "Pods-zippy.release.xcconfig"; path = "Pods/Target Support Files/Pods-zippy/Pods-zippy.release.xcconfig"; sourceTree = "<group>"; };
		F1BC4550BB6A1F99C7F3CBE6 /* Pods-zippy.debug.xcconfig */ = {isa = PBXFileReference; includeInIndex = 1; lastKnownFileType = text.xcconfig; name = "Pods-zippy.debug.xcconfig"; path = "Pods/Target Support Files/Pods-zippy/Pods-zippy.debug.xcconfig"; sourceTree = "<group>"; };
		F4017D9EADA797E57B39CCEF /* libPods-zippy.a */ = {isa = PBXFileReference; explicitFileType = archive.ar; includeInIndex = 0; path = "libPods-zippy.a"; sourceTree = BUILT_PRODUCTS_DIR; };
		F978F2E62097821E00816913 /* MainVC.h */ = {isa = PBXFileReference; lastKnownFileType = sourcecode.c.h; path = MainVC.h; sourceTree = "<group>"; };
		F978F2E72097821E00816913 /* MainVC.m */ = {isa = PBXFileReference; lastKnownFileType = sourcecode.c.objc; path = MainVC.m; sourceTree = "<group>"; };
		F978F2E920978F8600816913 /* MainVM.h */ = {isa = PBXFileReference; lastKnownFileType = sourcecode.c.h; path = MainVM.h; sourceTree = "<group>"; };
		F978F2EA20978F8600816913 /* MainVM.m */ = {isa = PBXFileReference; lastKnownFileType = sourcecode.c.objc; path = MainVM.m; sourceTree = "<group>"; };
		F978F2EC20979A3E00816913 /* HTTPService.h */ = {isa = PBXFileReference; lastKnownFileType = sourcecode.c.h; path = HTTPService.h; sourceTree = "<group>"; };
		F978F2ED20979A3E00816913 /* HTTPService.m */ = {isa = PBXFileReference; lastKnownFileType = sourcecode.c.objc; path = HTTPService.m; sourceTree = "<group>"; };
		F9BB08F4208940C20003997E /* zippy.app */ = {isa = PBXFileReference; explicitFileType = wrapper.application; includeInIndex = 0; path = zippy.app; sourceTree = BUILT_PRODUCTS_DIR; };
		F9BB08F7208940C20003997E /* AppDelegate.h */ = {isa = PBXFileReference; lastKnownFileType = sourcecode.c.h; path = AppDelegate.h; sourceTree = "<group>"; };
		F9BB08F8208940C20003997E /* AppDelegate.m */ = {isa = PBXFileReference; lastKnownFileType = sourcecode.c.objc; path = AppDelegate.m; sourceTree = "<group>"; };
		F9BB08FE208940C20003997E /* Base */ = {isa = PBXFileReference; lastKnownFileType = file.storyboard; name = Base; path = Base.lproj/Main.storyboard; sourceTree = "<group>"; };
		F9BB0900208940C40003997E /* Assets.xcassets */ = {isa = PBXFileReference; lastKnownFileType = folder.assetcatalog; path = Assets.xcassets; sourceTree = "<group>"; };
		F9BB0903208940C40003997E /* Base */ = {isa = PBXFileReference; lastKnownFileType = file.storyboard; name = Base; path = Base.lproj/LaunchScreen.storyboard; sourceTree = "<group>"; };
		F9BB0905208940C40003997E /* Info.plist */ = {isa = PBXFileReference; lastKnownFileType = text.plist.xml; path = Info.plist; sourceTree = "<group>"; };
		F9BB0906208940C40003997E /* main.m */ = {isa = PBXFileReference; lastKnownFileType = sourcecode.c.objc; path = main.m; sourceTree = "<group>"; };
/* End PBXFileReference section */

/* Begin PBXFrameworksBuildPhase section */
		F9BB08F1208940C20003997E /* Frameworks */ = {
			isa = PBXFrameworksBuildPhase;
			buildActionMask = 2147483647;
			files = (
				C321638DC94D9D66E5ABB27D /* libPods-zippy.a in Frameworks */,
			);
			runOnlyForDeploymentPostprocessing = 0;
		};
/* End PBXFrameworksBuildPhase section */

/* Begin PBXGroup section */
		644CD6A607D1E2F51D81D754 /* Frameworks */ = {
			isa = PBXGroup;
			children = (
				F4017D9EADA797E57B39CCEF /* libPods-zippy.a */,
			);
			name = Frameworks;
			sourceTree = "<group>";
		};
		EFD3218721FBBA85C83E50C0 /* Pods */ = {
			isa = PBXGroup;
			children = (
				F1BC4550BB6A1F99C7F3CBE6 /* Pods-zippy.debug.xcconfig */,
				C248A80F0F450CBEB92523B0 /* Pods-zippy.release.xcconfig */,
			);
			name = Pods;
			sourceTree = "<group>";
		};
		F978F2E3209781E800816913 /* VC */ = {
			isa = PBXGroup;
			children = (
				F978F2E62097821E00816913 /* MainVC.h */,
				F978F2E72097821E00816913 /* MainVC.m */,
			);
			path = VC;
			sourceTree = "<group>";
		};
		F9BB08EB208940C20003997E = {
			isa = PBXGroup;
			children = (
				F9BB08F6208940C20003997E /* zippy */,
				F9BB08F5208940C20003997E /* Products */,
				EFD3218721FBBA85C83E50C0 /* Pods */,
				644CD6A607D1E2F51D81D754 /* Frameworks */,
			);
			sourceTree = "<group>";
		};
		F9BB08F5208940C20003997E /* Products */ = {
			isa = PBXGroup;
			children = (
				F9BB08F4208940C20003997E /* zippy.app */,
			);
			name = Products;
			sourceTree = "<group>";
		};
		F9BB08F6208940C20003997E /* zippy */ = {
			isa = PBXGroup;
			children = (
				F9BB090D208944420003997E /* Model */,
				F9BB0910208944620003997E /* View */,
				F9BB090E208944490003997E /* ViewModel */,
				F9BB0900208940C40003997E /* Assets.xcassets */,
				F9BB0905208940C40003997E /* Info.plist */,
				F9BB08F7208940C20003997E /* AppDelegate.h */,
				F9BB08F8208940C20003997E /* AppDelegate.m */,
				F9BB0906208940C40003997E /* main.m */,
			);
			path = zippy;
			sourceTree = "<group>";
		};
		F9BB090D208944420003997E /* Model */ = {
			isa = PBXGroup;
			children = (
				F978F2EC20979A3E00816913 /* HTTPService.h */,
				F978F2ED20979A3E00816913 /* HTTPService.m */,
			);
			path = Model;
			sourceTree = "<group>";
		};
		F9BB090E208944490003997E /* ViewModel */ = {
			isa = PBXGroup;
			children = (
				F978F2E920978F8600816913 /* MainVM.h */,
				F978F2EA20978F8600816913 /* MainVM.m */,
			);
			path = ViewModel;
			sourceTree = "<group>";
		};
		F9BB0910208944620003997E /* View */ = {
			isa = PBXGroup;
			children = (
				F978F2E3209781E800816913 /* VC */,
				F9BB08FD208940C20003997E /* Main.storyboard */,
				F9BB0902208940C40003997E /* LaunchScreen.storyboard */,
			);
			path = View;
			sourceTree = "<group>";
		};
/* End PBXGroup section */

/* Begin PBXNativeTarget section */
		F9BB08F3208940C20003997E /* zippy */ = {
			isa = PBXNativeTarget;
			buildConfigurationList = F9BB090A208940C40003997E /* Build configuration list for PBXNativeTarget "zippy" */;
			buildPhases = (
				6131D4F0D7BCD897D7F36ECD /* [CP] Check Pods Manifest.lock */,
				F9BB08F0208940C20003997E /* Sources */,
				F9BB08F1208940C20003997E /* Frameworks */,
				F9BB08F2208940C20003997E /* Resources */,
				B3410565CD67188F5252EEFC /* [CP] Copy Pods Resources */,
			);
			buildRules = (
			);
			dependencies = (
			);
			name = zippy;
			productName = zippy;
			productReference = F9BB08F4208940C20003997E /* zippy.app */;
			productType = "com.apple.product-type.application";
		};
/* End PBXNativeTarget section */

/* Begin PBXProject section */
		F9BB08EC208940C20003997E /* Project object */ = {
			isa = PBXProject;
			attributes = {
				LastUpgradeCheck = 0930;
				ORGANIZATIONNAME = "Adam Golczak";
				TargetAttributes = {
					F9BB08F3208940C20003997E = {
						CreatedOnToolsVersion = 9.3;
					};
				};
			};
			buildConfigurationList = F9BB08EF208940C20003997E /* Build configuration list for PBXProject "zippy" */;
			compatibilityVersion = "Xcode 9.3";
			developmentRegion = en;
			hasScannedForEncodings = 0;
			knownRegions = (
				en,
				Base,
			);
			mainGroup = F9BB08EB208940C20003997E;
			productRefGroup = F9BB08F5208940C20003997E /* Products */;
			projectDirPath = "";
			projectRoot = "";
			targets = (
				F9BB08F3208940C20003997E /* zippy */,
			);
		};
/* End PBXProject section */

/* Begin PBXResourcesBuildPhase section */
		F9BB08F2208940C20003997E /* Resources */ = {
			isa = PBXResourcesBuildPhase;
			buildActionMask = 2147483647;
			files = (
				F9BB0904208940C40003997E /* LaunchScreen.storyboard in Resources */,
				F9BB0901208940C40003997E /* Assets.xcassets in Resources */,
				F9BB08FF208940C20003997E /* Main.storyboard in Resources */,
			);
			runOnlyForDeploymentPostprocessing = 0;
		};
/* End PBXResourcesBuildPhase section */

/* Begin PBXShellScriptBuildPhase section */
		6131D4F0D7BCD897D7F36ECD /* [CP] Check Pods Manifest.lock */ = {
			isa = PBXShellScriptBuildPhase;
			buildActionMask = 2147483647;
			files = (
			);
			inputPaths = (
				"${PODS_PODFILE_DIR_PATH}/Podfile.lock",
				"${PODS_ROOT}/Manifest.lock",
			);
			name = "[CP] Check Pods Manifest.lock";
			outputPaths = (
				"$(DERIVED_FILE_DIR)/Pods-zippy-checkManifestLockResult.txt",
			);
			runOnlyForDeploymentPostprocessing = 0;
			shellPath = /bin/sh;
			shellScript = "diff \"${PODS_PODFILE_DIR_PATH}/Podfile.lock\" \"${PODS_ROOT}/Manifest.lock\" > /dev/null\nif [ $? != 0 ] ; then\n    # print error to STDERR\n    echo \"error: The sandbox is not in sync with the Podfile.lock. Run 'pod install' or update your CocoaPods installation.\" >&2\n    exit 1\nfi\n# This output is used by Xcode 'outputs' to avoid re-running this script phase.\necho \"SUCCESS\" > \"${SCRIPT_OUTPUT_FILE_0}\"\n";
			showEnvVarsInLog = 0;
		};
		B3410565CD67188F5252EEFC /* [CP] Copy Pods Resources */ = {
			isa = PBXShellScriptBuildPhase;
			buildActionMask = 2147483647;
			files = (
			);
			inputPaths = (
				"${SRCROOT}/Pods/Target Support Files/Pods-zippy/Pods-zippy-resources.sh",
				"${PODS_ROOT}/GoogleMaps/Maps/Frameworks/GoogleMaps.framework/Resources/GoogleMaps.bundle",
				"${PODS_ROOT}/GooglePlaces/Frameworks/GooglePlaces.framework/Resources/GooglePlaces.bundle",
			);
			name = "[CP] Copy Pods Resources";
			outputPaths = (
				"${TARGET_BUILD_DIR}/${UNLOCALIZED_RESOURCES_FOLDER_PATH}/GoogleMaps.bundle",
				"${TARGET_BUILD_DIR}/${UNLOCALIZED_RESOURCES_FOLDER_PATH}/GooglePlaces.bundle",
			);
			runOnlyForDeploymentPostprocessing = 0;
			shellPath = /bin/sh;
			shellScript = "\"${SRCROOT}/Pods/Target Support Files/Pods-zippy/Pods-zippy-resources.sh\"\n";
			showEnvVarsInLog = 0;
		};
/* End PBXShellScriptBuildPhase section */

/* Begin PBXSourcesBuildPhase section */
		F9BB08F0208940C20003997E /* Sources */ = {
			isa = PBXSourcesBuildPhase;
			buildActionMask = 2147483647;
			files = (
				F978F2E82097821E00816913 /* MainVC.m in Sources */,
				F978F2EE20979A3E00816913 /* HTTPService.m in Sources */,
				F9BB0907208940C40003997E /* main.m in Sources */,
				F9BB08F9208940C20003997E /* AppDelegate.m in Sources */,
				F978F2EB20978F8600816913 /* MainVM.m in Sources */,
			);
			runOnlyForDeploymentPostprocessing = 0;
		};
/* End PBXSourcesBuildPhase section */

/* Begin PBXVariantGroup section */
		F9BB08FD208940C20003997E /* Main.storyboard */ = {
			isa = PBXVariantGroup;
			children = (
				F9BB08FE208940C20003997E /* Base */,
			);
			name = Main.storyboard;
			sourceTree = "<group>";
		};
		F9BB0902208940C40003997E /* LaunchScreen.storyboard */ = {
			isa = PBXVariantGroup;
			children = (
				F9BB0903208940C40003997E /* Base */,
			);
			name = LaunchScreen.storyboard;
			sourceTree = "<group>";
		};
/* End PBXVariantGroup section */

/* Begin XCBuildConfiguration section */
		F9BB0908208940C40003997E /* Debug */ = {
			isa = XCBuildConfiguration;
			buildSettings = {
				ALWAYS_SEARCH_USER_PATHS = NO;
				CLANG_ANALYZER_NONNULL = YES;
				CLANG_ANALYZER_NUMBER_OBJECT_CONVERSION = YES_AGGRESSIVE;
				CLANG_CXX_LANGUAGE_STANDARD = "gnu++14";
				CLANG_CXX_LIBRARY = "libc++";
				CLANG_ENABLE_MODULES = YES;
				CLANG_ENABLE_OBJC_ARC = YES;
				CLANG_ENABLE_OBJC_WEAK = YES;
				CLANG_WARN_BLOCK_CAPTURE_AUTORELEASING = YES;
				CLANG_WARN_BOOL_CONVERSION = YES;
				CLANG_WARN_COMMA = YES;
				CLANG_WARN_CONSTANT_CONVERSION = YES;
				CLANG_WARN_DEPRECATED_OBJC_IMPLEMENTATIONS = YES;
				CLANG_WARN_DIRECT_OBJC_ISA_USAGE = YES_ERROR;
				CLANG_WARN_DOCUMENTATION_COMMENTS = YES;
				CLANG_WARN_EMPTY_BODY = YES;
				CLANG_WARN_ENUM_CONVERSION = YES;
				CLANG_WARN_INFINITE_RECURSION = YES;
				CLANG_WARN_INT_CONVERSION = YES;
				CLANG_WARN_NON_LITERAL_NULL_CONVERSION = YES;
				CLANG_WARN_OBJC_IMPLICIT_RETAIN_SELF = YES;
				CLANG_WARN_OBJC_LITERAL_CONVERSION = YES;
				CLANG_WARN_OBJC_ROOT_CLASS = YES_ERROR;
				CLANG_WARN_RANGE_LOOP_ANALYSIS = YES;
				CLANG_WARN_STRICT_PROTOTYPES = YES;
				CLANG_WARN_SUSPICIOUS_MOVE = YES;
				CLANG_WARN_UNGUARDED_AVAILABILITY = YES_AGGRESSIVE;
				CLANG_WARN_UNREACHABLE_CODE = YES;
				CLANG_WARN__DUPLICATE_METHOD_MATCH = YES;
				CODE_SIGN_IDENTITY = "iPhone Developer";
				COPY_PHASE_STRIP = NO;
				DEBUG_INFORMATION_FORMAT = dwarf;
				ENABLE_STRICT_OBJC_MSGSEND = YES;
				ENABLE_TESTABILITY = YES;
				GCC_C_LANGUAGE_STANDARD = gnu11;
				GCC_DYNAMIC_NO_PIC = NO;
				GCC_NO_COMMON_BLOCKS = YES;
				GCC_OPTIMIZATION_LEVEL = 0;
				GCC_PREPROCESSOR_DEFINITIONS = (
					"DEBUG=1",
					"$(inherited)",
				);
				GCC_WARN_64_TO_32_BIT_CONVERSION = YES;
				GCC_WARN_ABOUT_RETURN_TYPE = YES_ERROR;
				GCC_WARN_UNDECLARED_SELECTOR = YES;
				GCC_WARN_UNINITIALIZED_AUTOS = YES_AGGRESSIVE;
				GCC_WARN_UNUSED_FUNCTION = YES;
				GCC_WARN_UNUSED_VARIABLE = YES;
				IPHONEOS_DEPLOYMENT_TARGET = 11.3;
				MTL_ENABLE_DEBUG_INFO = YES;
				ONLY_ACTIVE_ARCH = YES;
				SDKROOT = iphoneos;
			};
			name = Debug;
		};
		F9BB0909208940C40003997E /* Release */ = {
			isa = XCBuildConfiguration;
			buildSettings = {
				ALWAYS_SEARCH_USER_PATHS = NO;
				CLANG_ANALYZER_NONNULL = YES;
				CLANG_ANALYZER_NUMBER_OBJECT_CONVERSION = YES_AGGRESSIVE;
				CLANG_CXX_LANGUAGE_STANDARD = "gnu++14";
				CLANG_CXX_LIBRARY = "libc++";
				CLANG_ENABLE_MODULES = YES;
				CLANG_ENABLE_OBJC_ARC = YES;
				CLANG_ENABLE_OBJC_WEAK = YES;
				CLANG_WARN_BLOCK_CAPTURE_AUTORELEASING = YES;
				CLANG_WARN_BOOL_CONVERSION = YES;
				CLANG_WARN_COMMA = YES;
				CLANG_WARN_CONSTANT_CONVERSION = YES;
				CLANG_WARN_DEPRECATED_OBJC_IMPLEMENTATIONS = YES;
				CLANG_WARN_DIRECT_OBJC_ISA_USAGE = YES_ERROR;
				CLANG_WARN_DOCUMENTATION_COMMENTS = YES;
				CLANG_WARN_EMPTY_BODY = YES;
				CLANG_WARN_ENUM_CONVERSION = YES;
				CLANG_WARN_INFINITE_RECURSION = YES;
				CLANG_WARN_INT_CONVERSION = YES;
				CLANG_WARN_NON_LITERAL_NULL_CONVERSION = YES;
				CLANG_WARN_OBJC_IMPLICIT_RETAIN_SELF = YES;
				CLANG_WARN_OBJC_LITERAL_CONVERSION = YES;
				CLANG_WARN_OBJC_ROOT_CLASS = YES_ERROR;
				CLANG_WARN_RANGE_LOOP_ANALYSIS = YES;
				CLANG_WARN_STRICT_PROTOTYPES = YES;
				CLANG_WARN_SUSPICIOUS_MOVE = YES;
				CLANG_WARN_UNGUARDED_AVAILABILITY = YES_AGGRESSIVE;
				CLANG_WARN_UNREACHABLE_CODE = YES;
				CLANG_WARN__DUPLICATE_METHOD_MATCH = YES;
				CODE_SIGN_IDENTITY = "iPhone Developer";
				COPY_PHASE_STRIP = NO;
				DEBUG_INFORMATION_FORMAT = "dwarf-with-dsym";
				ENABLE_NS_ASSERTIONS = NO;
				ENABLE_STRICT_OBJC_MSGSEND = YES;
				GCC_C_LANGUAGE_STANDARD = gnu11;
				GCC_NO_COMMON_BLOCKS = YES;
				GCC_WARN_64_TO_32_BIT_CONVERSION = YES;
				GCC_WARN_ABOUT_RETURN_TYPE = YES_ERROR;
				GCC_WARN_UNDECLARED_SELECTOR = YES;
				GCC_WARN_UNINITIALIZED_AUTOS = YES_AGGRESSIVE;
				GCC_WARN_UNUSED_FUNCTION = YES;
				GCC_WARN_UNUSED_VARIABLE = YES;
				IPHONEOS_DEPLOYMENT_TARGET = 11.3;
				MTL_ENABLE_DEBUG_INFO = NO;
				SDKROOT = iphoneos;
				VALIDATE_PRODUCT = YES;
			};
			name = Release;
		};
		F9BB090B208940C40003997E /* Debug */ = {
			isa = XCBuildConfiguration;
			baseConfigurationReference = F1BC4550BB6A1F99C7F3CBE6 /* Pods-zippy.debug.xcconfig */;
			buildSettings = {
				ASSETCATALOG_COMPILER_APPICON_NAME = AppIcon;
				CODE_SIGN_STYLE = Automatic;
				DEVELOPMENT_TEAM = L26XJNVC9K;
				INFOPLIST_FILE = zippy/Info.plist;
				IPHONEOS_DEPLOYMENT_TARGET = 10.0;
				LD_RUNPATH_SEARCH_PATHS = (
					"$(inherited)",
					"@executable_path/Frameworks",
				);
				PRODUCT_BUNDLE_IDENTIFIER = com.pxlborn.zippy;
				PRODUCT_NAME = "$(TARGET_NAME)";
				TARGETED_DEVICE_FAMILY = "1,2";
			};
			name = Debug;
		};
		F9BB090C208940C40003997E /* Release */ = {
			isa = XCBuildConfiguration;
			baseConfigurationReference = C248A80F0F450CBEB92523B0 /* Pods-zippy.release.xcconfig */;
			buildSettings = {
				ASSETCATALOG_COMPILER_APPICON_NAME = AppIcon;
				CODE_SIGN_STYLE = Automatic;
				DEVELOPMENT_TEAM = L26XJNVC9K;
				INFOPLIST_FILE = zippy/Info.plist;
				IPHONEOS_DEPLOYMENT_TARGET = 10.0;
				LD_RUNPATH_SEARCH_PATHS = (
					"$(inherited)",
					"@executable_path/Frameworks",
				);
				PRODUCT_BUNDLE_IDENTIFIER = com.pxlborn.zippy;
				PRODUCT_NAME = "$(TARGET_NAME)";
				TARGETED_DEVICE_FAMILY = "1,2";
			};
			name = Release;
		};
/* End XCBuildConfiguration section */

/* Begin XCConfigurationList section */
		F9BB08EF208940C20003997E /* Build configuration list for PBXProject "zippy" */ = {
			isa = XCConfigurationList;
			buildConfigurations = (
				F9BB0908208940C40003997E /* Debug */,
				F9BB0909208940C40003997E /* Release */,
			);
			defaultConfigurationIsVisible = 0;
			defaultConfigurationName = Release;
		};
		F9BB090A208940C40003997E /* Build configuration list for PBXNativeTarget "zippy" */ = {
			isa = XCConfigurationList;
			buildConfigurations = (
				F9BB090B208940C40003997E /* Debug */,
				F9BB090C208940C40003997E /* Release */,
			);
			defaultConfigurationIsVisible = 0;
			defaultConfigurationName = Release;
		};
/* End XCConfigurationList section */
	};
	rootObject = F9BB08EC208940C20003997E /* Project object */;
}
